
Microsoft Visual Studio Solution File, Format Version 12.00
# Visual Studio 2012
Project("{FAE04EC0-301F-11D3-BF4B-00C04F79EFBC}") = "RPDeviceStatus", "RPDeviceStatus\RPDeviceStatus.csproj", "{889CC2A3-99D9-48A4-A4FA-6B564F9E8D6C}"
EndProject
Global
	GlobalSection(SolutionConfigurationPlatforms) = preSolution
		Debug|iPhoneSimulator = Debug|iPhoneSimulator
		Release|iPhone = Release|iPhone
		Release|iPhoneSimulator = Release|iPhoneSimulator
		Debug|iPhone = Debug|iPhone
	EndGlobalSection
	GlobalSection(ProjectConfigurationPlatforms) = postSolution
		{889CC2A3-99D9-48A4-A4FA-6B564F9E8D6C}.Debug|iPhone.ActiveCfg = Debug|iPhone
		{889CC2A3-99D9-48A4-A4FA-6B564F9E8D6C}.Debug|iPhone.Build.0 = Debug|iPhone
		{889CC2A3-99D9-48A4-A4FA-6B564F9E8D6C}.Debug|iPhoneSimulator.ActiveCfg = Debug|iPhoneSimulator
		{889CC2A3-99D9-48A4-A4FA-6B564F9E8D6C}.Debug|iPhoneSimulator.Build.0 = Debug|iPhoneSimulator
		{889CC2A3-99D9-48A4-A4FA-6B564F9E8D6C}.Release|iPhone.ActiveCfg = Release|iPhone
		{889CC2A3-99D9-48A4-A4FA-6B564F9E8D6C}.Release|iPhone.Build.0 = Release|iPhone
		{889CC2A3-99D9-48A4-A4FA-6B564F9E8D6C}.Release|iPhoneSimulator.ActiveCfg = Release|iPhoneSimulator
		{889CC2A3-99D9-48A4-A4FA-6B564F9E8D6C}.Release|iPhoneSimulator.Build.0 = Release|iPhoneSimulator
	EndGlobalSection
EndGlobal
